
Microsoft Visual Studio Solution File, Format Version 12.00
# Visual Studio Version 16
VisualStudioVersion = 16.0.30907.101
MinimumVisualStudioVersion = 10.0.40219.1
Project("{FAE04EC0-301F-11D3-BF4B-00C04F79EFBC}") = "Lab-09", "Lab-09.csproj", "{A55FD4F4-9153-4CB9-A91C-57BF8852282B}"
EndProject
Global
	GlobalSection(SolutionConfigurationPlatforms) = preSolution
		Debug|Any CPU = Debug|Any CPU
		Release|Any CPU = Release|Any CPU
	EndGlobalSection
	GlobalSection(ProjectConfigurationPlatforms) = postSolution
		{A55FD4F4-9153-4CB9-A91C-57BF8852282B}.Debug|Any CPU.ActiveCfg = Debug|Any CPU
		{A55FD4F4-9153-4CB9-A91C-57BF8852282B}.Debug|Any CPU.Build.0 = Debug|Any CPU
		{A55FD4F4-9153-4CB9-A91C-57BF8852282B}.Release|Any CPU.ActiveCfg = Release|Any CPU
		{A55FD4F4-9153-4CB9-A91C-57BF8852282B}.Release|Any CPU.Build.0 = Release|Any CPU
	EndGlobalSection
	GlobalSection(SolutionProperties) = preSolution
		HideSolutionNode = FALSE
	EndGlobalSection
	GlobalSection(ExtensibilityGlobals) = postSolution
		SolutionGuid = {7BAE749D-250B-496E-AC08-3965DBAC8634}
	EndGlobalSection
EndGlobal
